// !$*UTF8*$!
{
	archiveVersion = 1;
	classes = {
	};
	objectVersion = 55;
	objects = {

/* Begin PBXBuildFile section */
		733C74B828BFE6E500F5B7F7 /* LoginViewController.swift in Sources */ = {isa = PBXBuildFile; fileRef = 733C74B728BFE6E500F5B7F7 /* LoginViewController.swift */; };
		733C74BA28BFE6F100F5B7F7 /* RegisterViewController.swift in Sources */ = {isa = PBXBuildFile; fileRef = 733C74B928BFE6F100F5B7F7 /* RegisterViewController.swift */; };
		735A853A28C2B22E00BCD52B /* Pods_HandMap.framework in Frameworks */ = {isa = PBXBuildFile; fileRef = 4A5CB2394017B203039D6C55 /* Pods_HandMap.framework */; };
		735A853B28C2B22E00BCD52B /* Pods_HandMap.framework in Embed Frameworks */ = {isa = PBXBuildFile; fileRef = 4A5CB2394017B203039D6C55 /* Pods_HandMap.framework */; settings = {ATTRIBUTES = (CodeSignOnCopy, RemoveHeadersOnCopy, ); }; };
		7368C22228C1E31C0044BA92 /* Utilities.swift in Sources */ = {isa = PBXBuildFile; fileRef = 7368C22128C1E31C0044BA92 /* Utilities.swift */; };
		7368C22628C1F1AA0044BA92 /* GoogleService-Info.plist in Resources */ = {isa = PBXBuildFile; fileRef = 7368C22528C1F1AA0044BA92 /* GoogleService-Info.plist */; };
		73DB932428C29D8000195506 /* Constants.swift in Sources */ = {isa = PBXBuildFile; fileRef = 73DB932328C29D8000195506 /* Constants.swift */; };
		73EA5D3228BE6B5400E1C508 /* AppDelegate.swift in Sources */ = {isa = PBXBuildFile; fileRef = 73EA5D3128BE6B5400E1C508 /* AppDelegate.swift */; };
		73EA5D3428BE6B5400E1C508 /* SceneDelegate.swift in Sources */ = {isa = PBXBuildFile; fileRef = 73EA5D3328BE6B5400E1C508 /* SceneDelegate.swift */; };
		73EA5D3628BE6B5400E1C508 /* ViewController.swift in Sources */ = {isa = PBXBuildFile; fileRef = 73EA5D3528BE6B5400E1C508 /* ViewController.swift */; };
		73EA5D3928BE6B5400E1C508 /* Main.storyboard in Resources */ = {isa = PBXBuildFile; fileRef = 73EA5D3728BE6B5400E1C508 /* Main.storyboard */; };
		73EA5D3B28BE6B5700E1C508 /* Assets.xcassets in Resources */ = {isa = PBXBuildFile; fileRef = 73EA5D3A28BE6B5700E1C508 /* Assets.xcassets */; };
		73EA5D3E28BE6B5700E1C508 /* LaunchScreen.storyboard in Resources */ = {isa = PBXBuildFile; fileRef = 73EA5D3C28BE6B5700E1C508 /* LaunchScreen.storyboard */; };
		73FB6CB328C67A5C00CB835F /* HomeTabViewController.swift in Sources */ = {isa = PBXBuildFile; fileRef = 73FB6CB228C67A5C00CB835F /* HomeTabViewController.swift */; };
		73FB6CB528C67B7700CB835F /* MapViewController.swift in Sources */ = {isa = PBXBuildFile; fileRef = 73FB6CB428C67B7700CB835F /* MapViewController.swift */; };
		73FB6CB728C67B8800CB835F /* UserViewController.swift in Sources */ = {isa = PBXBuildFile; fileRef = 73FB6CB628C67B8800CB835F /* UserViewController.swift */; };
/* End PBXBuildFile section */

/* Begin PBXCopyFilesBuildPhase section */
		735A853C28C2B22E00BCD52B /* Embed Frameworks */ = {
			isa = PBXCopyFilesBuildPhase;
			buildActionMask = 2147483647;
			dstPath = "";
			dstSubfolderSpec = 10;
			files = (
				735A853B28C2B22E00BCD52B /* Pods_HandMap.framework in Embed Frameworks */,
			);
			name = "Embed Frameworks";
			runOnlyForDeploymentPostprocessing = 0;
		};
/* End PBXCopyFilesBuildPhase section */

/* Begin PBXFileReference section */
		18C6ACCE4D27391DE6FE5DD4 /* Pods-HandMap.debug.xcconfig */ = {isa = PBXFileReference; includeInIndex = 1; lastKnownFileType = text.xcconfig; name = "Pods-HandMap.debug.xcconfig"; path = "Target Support Files/Pods-HandMap/Pods-HandMap.debug.xcconfig"; sourceTree = "<group>"; };
		279F500B0AFB9D7D25906084 /* Pods-HandMap.release.xcconfig */ = {isa = PBXFileReference; includeInIndex = 1; lastKnownFileType = text.xcconfig; name = "Pods-HandMap.release.xcconfig"; path = "Target Support Files/Pods-HandMap/Pods-HandMap.release.xcconfig"; sourceTree = "<group>"; };
		4A5CB2394017B203039D6C55 /* Pods_HandMap.framework */ = {isa = PBXFileReference; explicitFileType = wrapper.framework; includeInIndex = 0; path = Pods_HandMap.framework; sourceTree = BUILT_PRODUCTS_DIR; };
		733C74B728BFE6E500F5B7F7 /* LoginViewController.swift */ = {isa = PBXFileReference; lastKnownFileType = sourcecode.swift; path = LoginViewController.swift; sourceTree = "<group>"; };
		733C74B928BFE6F100F5B7F7 /* RegisterViewController.swift */ = {isa = PBXFileReference; lastKnownFileType = sourcecode.swift; path = RegisterViewController.swift; sourceTree = "<group>"; };
		7368C22128C1E31C0044BA92 /* Utilities.swift */ = {isa = PBXFileReference; lastKnownFileType = sourcecode.swift; path = Utilities.swift; sourceTree = "<group>"; };
		7368C22528C1F1AA0044BA92 /* GoogleService-Info.plist */ = {isa = PBXFileReference; fileEncoding = 4; lastKnownFileType = text.plist.xml; path = "GoogleService-Info.plist"; sourceTree = "<group>"; };
		73DB932328C29D8000195506 /* Constants.swift */ = {isa = PBXFileReference; lastKnownFileType = sourcecode.swift; path = Constants.swift; sourceTree = "<group>"; };
		73EA5D2E28BE6B5400E1C508 /* HandMap.app */ = {isa = PBXFileReference; explicitFileType = wrapper.application; includeInIndex = 0; path = HandMap.app; sourceTree = BUILT_PRODUCTS_DIR; };
		73EA5D3128BE6B5400E1C508 /* AppDelegate.swift */ = {isa = PBXFileReference; lastKnownFileType = sourcecode.swift; path = AppDelegate.swift; sourceTree = "<group>"; };
		73EA5D3328BE6B5400E1C508 /* SceneDelegate.swift */ = {isa = PBXFileReference; lastKnownFileType = sourcecode.swift; path = SceneDelegate.swift; sourceTree = "<group>"; };
		73EA5D3528BE6B5400E1C508 /* ViewController.swift */ = {isa = PBXFileReference; lastKnownFileType = sourcecode.swift; path = ViewController.swift; sourceTree = "<group>"; };
		73EA5D3828BE6B5400E1C508 /* Base */ = {isa = PBXFileReference; lastKnownFileType = file.storyboard; name = Base; path = Base.lproj/Main.storyboard; sourceTree = "<group>"; };
		73EA5D3A28BE6B5700E1C508 /* Assets.xcassets */ = {isa = PBXFileReference; lastKnownFileType = folder.assetcatalog; path = Assets.xcassets; sourceTree = "<group>"; };
		73EA5D3D28BE6B5700E1C508 /* Base */ = {isa = PBXFileReference; lastKnownFileType = file.storyboard; name = Base; path = Base.lproj/LaunchScreen.storyboard; sourceTree = "<group>"; };
		73EA5D3F28BE6B5700E1C508 /* Info.plist */ = {isa = PBXFileReference; lastKnownFileType = text.plist.xml; path = Info.plist; sourceTree = "<group>"; };
		73FB6CB228C67A5C00CB835F /* HomeTabViewController.swift */ = {isa = PBXFileReference; lastKnownFileType = sourcecode.swift; path = HomeTabViewController.swift; sourceTree = "<group>"; };
		73FB6CB428C67B7700CB835F /* MapViewController.swift */ = {isa = PBXFileReference; lastKnownFileType = sourcecode.swift; path = MapViewController.swift; sourceTree = "<group>"; };
		73FB6CB628C67B8800CB835F /* UserViewController.swift */ = {isa = PBXFileReference; lastKnownFileType = sourcecode.swift; path = UserViewController.swift; sourceTree = "<group>"; };
/* End PBXFileReference section */

/* Begin PBXFrameworksBuildPhase section */
		73EA5D2B28BE6B5400E1C508 /* Frameworks */ = {
			isa = PBXFrameworksBuildPhase;
			buildActionMask = 2147483647;
			files = (
				735A853A28C2B22E00BCD52B /* Pods_HandMap.framework in Frameworks */,
			);
			runOnlyForDeploymentPostprocessing = 0;
		};
/* End PBXFrameworksBuildPhase section */

/* Begin PBXGroup section */
		414222D6B6B46FDE1EF489C0 /* Pods */ = {
			isa = PBXGroup;
			children = (
				18C6ACCE4D27391DE6FE5DD4 /* Pods-HandMap.debug.xcconfig */,
				279F500B0AFB9D7D25906084 /* Pods-HandMap.release.xcconfig */,
			);
			path = Pods;
			sourceTree = "<group>";
		};
		733C74B628BFE6C300F5B7F7 /* Controllers */ = {
			isa = PBXGroup;
			children = (
				733C74B728BFE6E500F5B7F7 /* LoginViewController.swift */,
				733C74B928BFE6F100F5B7F7 /* RegisterViewController.swift */,
				73FB6CB228C67A5C00CB835F /* HomeTabViewController.swift */,
				73FB6CB428C67B7700CB835F /* MapViewController.swift */,
				73FB6CB628C67B8800CB835F /* UserViewController.swift */,
			);
			path = Controllers;
			sourceTree = "<group>";
		};
		7368C22028C1E3090044BA92 /* Helpers */ = {
			isa = PBXGroup;
			children = (
				7368C22128C1E31C0044BA92 /* Utilities.swift */,
				73DB932328C29D8000195506 /* Constants.swift */,
			);
			path = Helpers;
			sourceTree = "<group>";
		};
		73EA5D2528BE6B5400E1C508 = {
			isa = PBXGroup;
			children = (
				73EA5D3028BE6B5400E1C508 /* HandMap */,
				73EA5D2F28BE6B5400E1C508 /* Products */,
				414222D6B6B46FDE1EF489C0 /* Pods */,
				B65AA67ECACFEAD529964B12 /* Frameworks */,
			);
			sourceTree = "<group>";
		};
		73EA5D2F28BE6B5400E1C508 /* Products */ = {
			isa = PBXGroup;
			children = (
				73EA5D2E28BE6B5400E1C508 /* HandMap.app */,
			);
			name = Products;
			sourceTree = "<group>";
		};
		73EA5D3028BE6B5400E1C508 /* HandMap */ = {
			isa = PBXGroup;
			children = (
				7368C22028C1E3090044BA92 /* Helpers */,
				73EA5D4528BEA17A00E1C508 /* Views */,
				73EA5D3128BE6B5400E1C508 /* AppDelegate.swift */,
				73EA5D3328BE6B5400E1C508 /* SceneDelegate.swift */,
				73EA5D3528BE6B5400E1C508 /* ViewController.swift */,
				73EA5D3A28BE6B5700E1C508 /* Assets.xcassets */,
				7368C22528C1F1AA0044BA92 /* GoogleService-Info.plist */,
				73EA5D3F28BE6B5700E1C508 /* Info.plist */,
			);
			path = HandMap;
			sourceTree = "<group>";
		};
		73EA5D4528BEA17A00E1C508 /* Views */ = {
			isa = PBXGroup;
			children = (
				733C74B628BFE6C300F5B7F7 /* Controllers */,
				73EA5D4628BEA18600E1C508 /* Storyboards */,
			);
			path = Views;
			sourceTree = "<group>";
		};
		73EA5D4628BEA18600E1C508 /* Storyboards */ = {
			isa = PBXGroup;
			children = (
				73EA5D3728BE6B5400E1C508 /* Main.storyboard */,
				73EA5D3C28BE6B5700E1C508 /* LaunchScreen.storyboard */,
			);
			path = Storyboards;
			sourceTree = "<group>";
		};
		B65AA67ECACFEAD529964B12 /* Frameworks */ = {
			isa = PBXGroup;
			children = (
				4A5CB2394017B203039D6C55 /* Pods_HandMap.framework */,
			);
			name = Frameworks;
			sourceTree = "<group>";
		};
/* End PBXGroup section */

/* Begin PBXNativeTarget section */
		73EA5D2D28BE6B5400E1C508 /* HandMap */ = {
			isa = PBXNativeTarget;
			buildConfigurationList = 73EA5D4228BE6B5700E1C508 /* Build configuration list for PBXNativeTarget "HandMap" */;
			buildPhases = (
				1FC9B614D48CFD7EA3C415B3 /* [CP] Check Pods Manifest.lock */,
				73EA5D2A28BE6B5400E1C508 /* Sources */,
				73EA5D2B28BE6B5400E1C508 /* Frameworks */,
				73EA5D2C28BE6B5400E1C508 /* Resources */,
				1CD8098E452AE75DFC92479D /* [CP] Embed Pods Frameworks */,
				735A853C28C2B22E00BCD52B /* Embed Frameworks */,
			);
			buildRules = (
			);
			dependencies = (
			);
			name = HandMap;
			productName = HandMap;
			productReference = 73EA5D2E28BE6B5400E1C508 /* HandMap.app */;
			productType = "com.apple.product-type.application";
		};
/* End PBXNativeTarget section */

/* Begin PBXProject section */
		73EA5D2628BE6B5400E1C508 /* Project object */ = {
			isa = PBXProject;
			attributes = {
				BuildIndependentTargetsInParallel = 1;
				LastSwiftUpdateCheck = 1340;
				LastUpgradeCheck = 1340;
				TargetAttributes = {
					73EA5D2D28BE6B5400E1C508 = {
						CreatedOnToolsVersion = 13.4.1;
					};
				};
			};
			buildConfigurationList = 73EA5D2928BE6B5400E1C508 /* Build configuration list for PBXProject "HandMap" */;
			compatibilityVersion = "Xcode 13.0";
			developmentRegion = en;
			hasScannedForEncodings = 0;
			knownRegions = (
				en,
				Base,
			);
			mainGroup = 73EA5D2528BE6B5400E1C508;
			productRefGroup = 73EA5D2F28BE6B5400E1C508 /* Products */;
			projectDirPath = "";
			projectRoot = "";
			targets = (
				73EA5D2D28BE6B5400E1C508 /* HandMap */,
			);
		};
/* End PBXProject section */

/* Begin PBXResourcesBuildPhase section */
		73EA5D2C28BE6B5400E1C508 /* Resources */ = {
			isa = PBXResourcesBuildPhase;
			buildActionMask = 2147483647;
			files = (
				73EA5D3E28BE6B5700E1C508 /* LaunchScreen.storyboard in Resources */,
				7368C22628C1F1AA0044BA92 /* GoogleService-Info.plist in Resources */,
				73EA5D3B28BE6B5700E1C508 /* Assets.xcassets in Resources */,
				73EA5D3928BE6B5400E1C508 /* Main.storyboard in Resources */,
			);
			runOnlyForDeploymentPostprocessing = 0;
		};
/* End PBXResourcesBuildPhase section */

/* Begin PBXShellScriptBuildPhase section */
		1CD8098E452AE75DFC92479D /* [CP] Embed Pods Frameworks */ = {
			isa = PBXShellScriptBuildPhase;
			buildActionMask = 2147483647;
			files = (
			);
			inputFileListPaths = (
				"${PODS_ROOT}/Target Support Files/Pods-HandMap/Pods-HandMap-frameworks-${CONFIGURATION}-input-files.xcfilelist",
			);
			name = "[CP] Embed Pods Frameworks";
			outputFileListPaths = (
				"${PODS_ROOT}/Target Support Files/Pods-HandMap/Pods-HandMap-frameworks-${CONFIGURATION}-output-files.xcfilelist",
			);
			runOnlyForDeploymentPostprocessing = 0;
			shellPath = /bin/sh;
			shellScript = "\"${PODS_ROOT}/Target Support Files/Pods-HandMap/Pods-HandMap-frameworks.sh\"\n";
			showEnvVarsInLog = 0;
		};
		1FC9B614D48CFD7EA3C415B3 /* [CP] Check Pods Manifest.lock */ = {
			isa = PBXShellScriptBuildPhase;
			buildActionMask = 2147483647;
			files = (
			);
			inputFileListPaths = (
			);
			inputPaths = (
				"${PODS_PODFILE_DIR_PATH}/Podfile.lock",
				"${PODS_ROOT}/Manifest.lock",
			);
			name = "[CP] Check Pods Manifest.lock";
			outputFileListPaths = (
			);
			outputPaths = (
				"$(DERIVED_FILE_DIR)/Pods-HandMap-checkManifestLockResult.txt",
			);
			runOnlyForDeploymentPostprocessing = 0;
			shellPath = /bin/sh;
			shellScript = "diff \"${PODS_PODFILE_DIR_PATH}/Podfile.lock\" \"${PODS_ROOT}/Manifest.lock\" > /dev/null\nif [ $? != 0 ] ; then\n    # print error to STDERR\n    echo \"error: The sandbox is not in sync with the Podfile.lock. Run 'pod install' or update your CocoaPods installation.\" >&2\n    exit 1\nfi\n# This output is used by Xcode 'outputs' to avoid re-running this script phase.\necho \"SUCCESS\" > \"${SCRIPT_OUTPUT_FILE_0}\"\n";
			showEnvVarsInLog = 0;
		};
/* End PBXShellScriptBuildPhase section */

/* Begin PBXSourcesBuildPhase section */
		73EA5D2A28BE6B5400E1C508 /* Sources */ = {
			isa = PBXSourcesBuildPhase;
			buildActionMask = 2147483647;
			files = (
				7368C22228C1E31C0044BA92 /* Utilities.swift in Sources */,
				73FB6CB728C67B8800CB835F /* UserViewController.swift in Sources */,
				733C74B828BFE6E500F5B7F7 /* LoginViewController.swift in Sources */,
				733C74BA28BFE6F100F5B7F7 /* RegisterViewController.swift in Sources */,
				73EA5D3628BE6B5400E1C508 /* ViewController.swift in Sources */,
				73FB6CB528C67B7700CB835F /* MapViewController.swift in Sources */,
				73EA5D3228BE6B5400E1C508 /* AppDelegate.swift in Sources */,
				73FB6CB328C67A5C00CB835F /* HomeTabViewController.swift in Sources */,
				73EA5D3428BE6B5400E1C508 /* SceneDelegate.swift in Sources */,
				73DB932428C29D8000195506 /* Constants.swift in Sources */,
			);
			runOnlyForDeploymentPostprocessing = 0;
		};
/* End PBXSourcesBuildPhase section */

/* Begin PBXVariantGroup section */
		73EA5D3728BE6B5400E1C508 /* Main.storyboard */ = {
			isa = PBXVariantGroup;
			children = (
				73EA5D3828BE6B5400E1C508 /* Base */,
			);
			name = Main.storyboard;
			sourceTree = "<group>";
		};
		73EA5D3C28BE6B5700E1C508 /* LaunchScreen.storyboard */ = {
			isa = PBXVariantGroup;
			children = (
				73EA5D3D28BE6B5700E1C508 /* Base */,
			);
			name = LaunchScreen.storyboard;
			sourceTree = "<group>";
		};
/* End PBXVariantGroup section */

/* Begin XCBuildConfiguration section */
		73EA5D4028BE6B5700E1C508 /* Debug */ = {
			isa = XCBuildConfiguration;
			buildSettings = {
				ALWAYS_SEARCH_USER_PATHS = NO;
				CLANG_ANALYZER_NONNULL = YES;
				CLANG_ANALYZER_NUMBER_OBJECT_CONVERSION = YES_AGGRESSIVE;
				CLANG_CXX_LANGUAGE_STANDARD = "gnu++17";
				CLANG_ENABLE_MODULES = YES;
				CLANG_ENABLE_OBJC_ARC = YES;
				CLANG_ENABLE_OBJC_WEAK = YES;
				CLANG_WARN_BLOCK_CAPTURE_AUTORELEASING = YES;
				CLANG_WARN_BOOL_CONVERSION = YES;
				CLANG_WARN_COMMA = YES;
				CLANG_WARN_CONSTANT_CONVERSION = YES;
				CLANG_WARN_DEPRECATED_OBJC_IMPLEMENTATIONS = YES;
				CLANG_WARN_DIRECT_OBJC_ISA_USAGE = YES_ERROR;
				CLANG_WARN_DOCUMENTATION_COMMENTS = YES;
				CLANG_WARN_EMPTY_BODY = YES;
				CLANG_WARN_ENUM_CONVERSION = YES;
				CLANG_WARN_INFINITE_RECURSION = YES;
				CLANG_WARN_INT_CONVERSION = YES;
				CLANG_WARN_NON_LITERAL_NULL_CONVERSION = YES;
				CLANG_WARN_OBJC_IMPLICIT_RETAIN_SELF = YES;
				CLANG_WARN_OBJC_LITERAL_CONVERSION = YES;
				CLANG_WARN_OBJC_ROOT_CLASS = YES_ERROR;
				CLANG_WARN_QUOTED_INCLUDE_IN_FRAMEWORK_HEADER = YES;
				CLANG_WARN_RANGE_LOOP_ANALYSIS = YES;
				CLANG_WARN_STRICT_PROTOTYPES = YES;
				CLANG_WARN_SUSPICIOUS_MOVE = YES;
				CLANG_WARN_UNGUARDED_AVAILABILITY = YES_AGGRESSIVE;
				CLANG_WARN_UNREACHABLE_CODE = YES;
				CLANG_WARN__DUPLICATE_METHOD_MATCH = YES;
				COPY_PHASE_STRIP = NO;
				DEBUG_INFORMATION_FORMAT = dwarf;
				ENABLE_STRICT_OBJC_MSGSEND = YES;
				ENABLE_TESTABILITY = YES;
				GCC_C_LANGUAGE_STANDARD = gnu11;
				GCC_DYNAMIC_NO_PIC = NO;
				GCC_NO_COMMON_BLOCKS = YES;
				GCC_OPTIMIZATION_LEVEL = 0;
				GCC_PREPROCESSOR_DEFINITIONS = (
					"DEBUG=1",
					"$(inherited)",
				);
				GCC_WARN_64_TO_32_BIT_CONVERSION = YES;
				GCC_WARN_ABOUT_RETURN_TYPE = YES_ERROR;
				GCC_WARN_UNDECLARED_SELECTOR = YES;
				GCC_WARN_UNINITIALIZED_AUTOS = YES_AGGRESSIVE;
				GCC_WARN_UNUSED_FUNCTION = YES;
				GCC_WARN_UNUSED_VARIABLE = YES;
				IPHONEOS_DEPLOYMENT_TARGET = 13.2;
				MTL_ENABLE_DEBUG_INFO = INCLUDE_SOURCE;
				MTL_FAST_MATH = YES;
				ONLY_ACTIVE_ARCH = YES;
				SDKROOT = iphoneos;
				SWIFT_ACTIVE_COMPILATION_CONDITIONS = DEBUG;
				SWIFT_OPTIMIZATION_LEVEL = "-Onone";
			};
			name = Debug;
		};
		73EA5D4128BE6B5700E1C508 /* Release */ = {
			isa = XCBuildConfiguration;
			buildSettings = {
				ALWAYS_SEARCH_USER_PATHS = NO;
				CLANG_ANALYZER_NONNULL = YES;
				CLANG_ANALYZER_NUMBER_OBJECT_CONVERSION = YES_AGGRESSIVE;
				CLANG_CXX_LANGUAGE_STANDARD = "gnu++17";
				CLANG_ENABLE_MODULES = YES;
				CLANG_ENABLE_OBJC_ARC = YES;
				CLANG_ENABLE_OBJC_WEAK = YES;
				CLANG_WARN_BLOCK_CAPTURE_AUTORELEASING = YES;
				CLANG_WARN_BOOL_CONVERSION = YES;
				CLANG_WARN_COMMA = YES;
				CLANG_WARN_CONSTANT_CONVERSION = YES;
				CLANG_WARN_DEPRECATED_OBJC_IMPLEMENTATIONS = YES;
				CLANG_WARN_DIRECT_OBJC_ISA_USAGE = YES_ERROR;
				CLANG_WARN_DOCUMENTATION_COMMENTS = YES;
				CLANG_WARN_EMPTY_BODY = YES;
				CLANG_WARN_ENUM_CONVERSION = YES;
				CLANG_WARN_INFINITE_RECURSION = YES;
				CLANG_WARN_INT_CONVERSION = YES;
				CLANG_WARN_NON_LITERAL_NULL_CONVERSION = YES;
				CLANG_WARN_OBJC_IMPLICIT_RETAIN_SELF = YES;
				CLANG_WARN_OBJC_LITERAL_CONVERSION = YES;
				CLANG_WARN_OBJC_ROOT_CLASS = YES_ERROR;
				CLANG_WARN_QUOTED_INCLUDE_IN_FRAMEWORK_HEADER = YES;
				CLANG_WARN_RANGE_LOOP_ANALYSIS = YES;
				CLANG_WARN_STRICT_PROTOTYPES = YES;
				CLANG_WARN_SUSPICIOUS_MOVE = YES;
				CLANG_WARN_UNGUARDED_AVAILABILITY = YES_AGGRESSIVE;
				CLANG_WARN_UNREACHABLE_CODE = YES;
				CLANG_WARN__DUPLICATE_METHOD_MATCH = YES;
				COPY_PHASE_STRIP = NO;
				DEBUG_INFORMATION_FORMAT = "dwarf-with-dsym";
				ENABLE_NS_ASSERTIONS = NO;
				ENABLE_STRICT_OBJC_MSGSEND = YES;
				GCC_C_LANGUAGE_STANDARD = gnu11;
				GCC_NO_COMMON_BLOCKS = YES;
				GCC_WARN_64_TO_32_BIT_CONVERSION = YES;
				GCC_WARN_ABOUT_RETURN_TYPE = YES_ERROR;
				GCC_WARN_UNDECLARED_SELECTOR = YES;
				GCC_WARN_UNINITIALIZED_AUTOS = YES_AGGRESSIVE;
				GCC_WARN_UNUSED_FUNCTION = YES;
				GCC_WARN_UNUSED_VARIABLE = YES;
				IPHONEOS_DEPLOYMENT_TARGET = 13.2;
				MTL_ENABLE_DEBUG_INFO = NO;
				MTL_FAST_MATH = YES;
				SDKROOT = iphoneos;
				SWIFT_COMPILATION_MODE = wholemodule;
				SWIFT_OPTIMIZATION_LEVEL = "-O";
				VALIDATE_PRODUCT = YES;
			};
			name = Release;
		};
		73EA5D4328BE6B5700E1C508 /* Debug */ = {
			isa = XCBuildConfiguration;
			baseConfigurationReference = 18C6ACCE4D27391DE6FE5DD4 /* Pods-HandMap.debug.xcconfig */;
			buildSettings = {
				ASSETCATALOG_COMPILER_APPICON_NAME = AppIcon;
				ASSETCATALOG_COMPILER_GLOBAL_ACCENT_COLOR_NAME = AccentColor;
				CODE_SIGN_STYLE = Automatic;
				CURRENT_PROJECT_VERSION = 1;
				DEVELOPMENT_TEAM = 32TDRHHMUS;
				GENERATE_INFOPLIST_FILE = YES;
				INFOPLIST_FILE = HandMap/Info.plist;
				INFOPLIST_KEY_UIApplicationSupportsIndirectInputEvents = YES;
				INFOPLIST_KEY_UILaunchStoryboardName = LaunchScreen;
				INFOPLIST_KEY_UIMainStoryboardFile = Main;
				INFOPLIST_KEY_UISupportedInterfaceOrientations = UIInterfaceOrientationPortrait;
				INFOPLIST_KEY_UISupportedInterfaceOrientations_iPad = "UIInterfaceOrientationPortrait UIInterfaceOrientationPortraitUpsideDown UIInterfaceOrientationLandscapeLeft UIInterfaceOrientationLandscapeRight";
				INFOPLIST_KEY_UISupportedInterfaceOrientations_iPhone = "UIInterfaceOrientationPortrait UIInterfaceOrientationLandscapeLeft UIInterfaceOrientationLandscapeRight";
				IPHONEOS_DEPLOYMENT_TARGET = 13.2;
				LD_RUNPATH_SEARCH_PATHS = (
					"$(inherited)",
					"@executable_path/Frameworks",
				);
				MARKETING_VERSION = 1.0;
				PRODUCT_BUNDLE_IDENTIFIER = com.akzhankalimatov.handmap;
				PRODUCT_NAME = "$(TARGET_NAME)";
				SWIFT_EMIT_LOC_STRINGS = YES;
				SWIFT_VERSION = 5.0;
				TARGETED_DEVICE_FAMILY = "1,2";
			};
			name = Debug;
		};
		73EA5D4428BE6B5700E1C508 /* Release */ = {
			isa = XCBuildConfiguration;
			baseConfigurationReference = 279F500B0AFB9D7D25906084 /* Pods-HandMap.release.xcconfig */;
			buildSettings = {
				ASSETCATALOG_COMPILER_APPICON_NAME = AppIcon;
				ASSETCATALOG_COMPILER_GLOBAL_ACCENT_COLOR_NAME = AccentColor;
				CODE_SIGN_STYLE = Automatic;
				CURRENT_PROJECT_VERSION = 1;
				DEVELOPMENT_TEAM = 32TDRHHMUS;
				GENERATE_INFOPLIST_FILE = YES;
				INFOPLIST_FILE = HandMap/Info.plist;
				INFOPLIST_KEY_UIApplicationSupportsIndirectInputEvents = YES;
				INFOPLIST_KEY_UILaunchStoryboardName = LaunchScreen;
				INFOPLIST_KEY_UIMainStoryboardFile = Main;
				INFOPLIST_KEY_UISupportedInterfaceOrientations = UIInterfaceOrientationPortrait;
				INFOPLIST_KEY_UISupportedInterfaceOrientations_iPad = "UIInterfaceOrientationPortrait UIInterfaceOrientationPortraitUpsideDown UIInterfaceOrientationLandscapeLeft UIInterfaceOrientationLandscapeRight";
				INFOPLIST_KEY_UISupportedInterfaceOrientations_iPhone = "UIInterfaceOrientationPortrait UIInterfaceOrientationLandscapeLeft UIInterfaceOrientationLandscapeRight";
				IPHONEOS_DEPLOYMENT_TARGET = 13.2;
				LD_RUNPATH_SEARCH_PATHS = (
					"$(inherited)",
					"@executable_path/Frameworks",
				);
				MARKETING_VERSION = 1.0;
				PRODUCT_BUNDLE_IDENTIFIER = com.akzhankalimatov.handmap;
				PRODUCT_NAME = "$(TARGET_NAME)";
				SWIFT_EMIT_LOC_STRINGS = YES;
				SWIFT_VERSION = 5.0;
				TARGETED_DEVICE_FAMILY = "1,2";
			};
			name = Release;
		};
/* End XCBuildConfiguration section */

/* Begin XCConfigurationList section */
		73EA5D2928BE6B5400E1C508 /* Build configuration list for PBXProject "HandMap" */ = {
			isa = XCConfigurationList;
			buildConfigurations = (
				73EA5D4028BE6B5700E1C508 /* Debug */,
				73EA5D4128BE6B5700E1C508 /* Release */,
			);
			defaultConfigurationIsVisible = 0;
			defaultConfigurationName = Release;
		};
		73EA5D4228BE6B5700E1C508 /* Build configuration list for PBXNativeTarget "HandMap" */ = {
			isa = XCConfigurationList;
			buildConfigurations = (
				73EA5D4328BE6B5700E1C508 /* Debug */,
				73EA5D4428BE6B5700E1C508 /* Release */,
			);
			defaultConfigurationIsVisible = 0;
			defaultConfigurationName = Release;
		};
/* End XCConfigurationList section */
	};
	rootObject = 73EA5D2628BE6B5400E1C508 /* Project object */;
}
